// !$*UTF8*$!
{
	archiveVersion = 1;
	classes = {
	};
	objectVersion = 50;
	objects = {

/* Begin PBXBuildFile section */
		09461C74220DAA1400897B81 /* AppDelegate.swift in Sources */ = {isa = PBXBuildFile; fileRef = 09461C73220DAA1400897B81 /* AppDelegate.swift */; };
		09461C76220DAA1400897B81 /* ViewController.swift in Sources */ = {isa = PBXBuildFile; fileRef = 09461C75220DAA1400897B81 /* ViewController.swift */; };
		09461C79220DAA1400897B81 /* Main.storyboard in Resources */ = {isa = PBXBuildFile; fileRef = 09461C77220DAA1400897B81 /* Main.storyboard */; };
		09461C7B220DAA1700897B81 /* Assets.xcassets in Resources */ = {isa = PBXBuildFile; fileRef = 09461C7A220DAA1700897B81 /* Assets.xcassets */; };
		09461C7E220DAA1700897B81 /* LaunchScreen.storyboard in Resources */ = {isa = PBXBuildFile; fileRef = 09461C7C220DAA1700897B81 /* LaunchScreen.storyboard */; };
		09461C89220DAA1700897B81 /* TheFutureIsBrightTests.swift in Sources */ = {isa = PBXBuildFile; fileRef = 09461C88220DAA1700897B81 /* TheFutureIsBrightTests.swift */; };
		198ADBC36747761AC8CA2F3D /* Pods_TheFutureIsBright.framework in Frameworks */ = {isa = PBXBuildFile; fileRef = 742D33BFF0F182E00D979E91 /* Pods_TheFutureIsBright.framework */; };
		FF4D42FD49FCBCF90865B974 /* Pods_TheFutureIsBrightTests.framework in Frameworks */ = {isa = PBXBuildFile; fileRef = 3FC27FB11FF5B253BF339C4B /* Pods_TheFutureIsBrightTests.framework */; };
/* End PBXBuildFile section */

/* Begin PBXContainerItemProxy section */
		09461C85220DAA1700897B81 /* PBXContainerItemProxy */ = {
			isa = PBXContainerItemProxy;
			containerPortal = 09461C68220DAA1400897B81 /* Project object */;
			proxyType = 1;
			remoteGlobalIDString = 09461C6F220DAA1400897B81;
			remoteInfo = TheFutureIsBright;
		};
/* End PBXContainerItemProxy section */

/* Begin PBXFileReference section */
		09461C70220DAA1400897B81 /* TheFutureIsBright.app */ = {isa = PBXFileReference; explicitFileType = wrapper.application; includeInIndex = 0; path = TheFutureIsBright.app; sourceTree = BUILT_PRODUCTS_DIR; };
		09461C73220DAA1400897B81 /* AppDelegate.swift */ = {isa = PBXFileReference; lastKnownFileType = sourcecode.swift; path = AppDelegate.swift; sourceTree = "<group>"; };
		09461C75220DAA1400897B81 /* ViewController.swift */ = {isa = PBXFileReference; lastKnownFileType = sourcecode.swift; path = ViewController.swift; sourceTree = "<group>"; };
		09461C78220DAA1400897B81 /* Base */ = {isa = PBXFileReference; lastKnownFileType = file.storyboard; name = Base; path = Base.lproj/Main.storyboard; sourceTree = "<group>"; };
		09461C7A220DAA1700897B81 /* Assets.xcassets */ = {isa = PBXFileReference; lastKnownFileType = folder.assetcatalog; path = Assets.xcassets; sourceTree = "<group>"; };
		09461C7D220DAA1700897B81 /* Base */ = {isa = PBXFileReference; lastKnownFileType = file.storyboard; name = Base; path = Base.lproj/LaunchScreen.storyboard; sourceTree = "<group>"; };
		09461C7F220DAA1700897B81 /* Info.plist */ = {isa = PBXFileReference; lastKnownFileType = text.plist.xml; path = Info.plist; sourceTree = "<group>"; };
		09461C84220DAA1700897B81 /* TheFutureIsBrightTests.xctest */ = {isa = PBXFileReference; explicitFileType = wrapper.cfbundle; includeInIndex = 0; path = TheFutureIsBrightTests.xctest; sourceTree = BUILT_PRODUCTS_DIR; };
		09461C88220DAA1700897B81 /* TheFutureIsBrightTests.swift */ = {isa = PBXFileReference; lastKnownFileType = sourcecode.swift; path = TheFutureIsBrightTests.swift; sourceTree = "<group>"; };
		09461C8A220DAA1700897B81 /* Info.plist */ = {isa = PBXFileReference; lastKnownFileType = text.plist.xml; path = Info.plist; sourceTree = "<group>"; };
		1FF0BD0F3EEC20400A86392A /* Pods-TheFutureIsBright.release.xcconfig */ = {isa = PBXFileReference; includeInIndex = 1; lastKnownFileType = text.xcconfig; name = "Pods-TheFutureIsBright.release.xcconfig"; path = "Pods/Target Support Files/Pods-TheFutureIsBright/Pods-TheFutureIsBright.release.xcconfig"; sourceTree = "<group>"; };
		3FC27FB11FF5B253BF339C4B /* Pods_TheFutureIsBrightTests.framework */ = {isa = PBXFileReference; explicitFileType = wrapper.framework; includeInIndex = 0; path = Pods_TheFutureIsBrightTests.framework; sourceTree = BUILT_PRODUCTS_DIR; };
		6931E6C20E4E051D75E6D029 /* Pods-TheFutureIsBright.debug.xcconfig */ = {isa = PBXFileReference; includeInIndex = 1; lastKnownFileType = text.xcconfig; name = "Pods-TheFutureIsBright.debug.xcconfig"; path = "Pods/Target Support Files/Pods-TheFutureIsBright/Pods-TheFutureIsBright.debug.xcconfig"; sourceTree = "<group>"; };
		742D33BFF0F182E00D979E91 /* Pods_TheFutureIsBright.framework */ = {isa = PBXFileReference; explicitFileType = wrapper.framework; includeInIndex = 0; path = Pods_TheFutureIsBright.framework; sourceTree = BUILT_PRODUCTS_DIR; };
		7B6019F45BDCDEFD98147A3F /* Pods-TheFutureIsBrightTests.release.xcconfig */ = {isa = PBXFileReference; includeInIndex = 1; lastKnownFileType = text.xcconfig; name = "Pods-TheFutureIsBrightTests.release.xcconfig"; path = "Pods/Target Support Files/Pods-TheFutureIsBrightTests/Pods-TheFutureIsBrightTests.release.xcconfig"; sourceTree = "<group>"; };
		AC37183A8889C8E2C32EA722 /* Pods-TheFutureIsBrightTests.debug.xcconfig */ = {isa = PBXFileReference; includeInIndex = 1; lastKnownFileType = text.xcconfig; name = "Pods-TheFutureIsBrightTests.debug.xcconfig"; path = "Pods/Target Support Files/Pods-TheFutureIsBrightTests/Pods-TheFutureIsBrightTests.debug.xcconfig"; sourceTree = "<group>"; };
/* End PBXFileReference section */

/* Begin PBXFrameworksBuildPhase section */
		09461C6D220DAA1400897B81 /* Frameworks */ = {
			isa = PBXFrameworksBuildPhase;
			buildActionMask = 2147483647;
			files = (
				198ADBC36747761AC8CA2F3D /* Pods_TheFutureIsBright.framework in Frameworks */,
			);
			runOnlyForDeploymentPostprocessing = 0;
		};
		09461C81220DAA1700897B81 /* Frameworks */ = {
			isa = PBXFrameworksBuildPhase;
			buildActionMask = 2147483647;
			files = (
				FF4D42FD49FCBCF90865B974 /* Pods_TheFutureIsBrightTests.framework in Frameworks */,
			);
			runOnlyForDeploymentPostprocessing = 0;
		};
/* End PBXFrameworksBuildPhase section */

/* Begin PBXGroup section */
		09461C67220DAA1400897B81 = {
			isa = PBXGroup;
			children = (
				09461C72220DAA1400897B81 /* TheFutureIsBright */,
				09461C87220DAA1700897B81 /* TheFutureIsBrightTests */,
				09461C71220DAA1400897B81 /* Products */,
				4392B92349F89CF6C16019B4 /* Pods */,
				41C99A03CFF49AAF72E5E723 /* Frameworks */,
			);
			sourceTree = "<group>";
		};
		09461C71220DAA1400897B81 /* Products */ = {
			isa = PBXGroup;
			children = (
				09461C70220DAA1400897B81 /* TheFutureIsBright.app */,
				09461C84220DAA1700897B81 /* TheFutureIsBrightTests.xctest */,
			);
			name = Products;
			sourceTree = "<group>";
		};
		09461C72220DAA1400897B81 /* TheFutureIsBright */ = {
			isa = PBXGroup;
			children = (
				09461C73220DAA1400897B81 /* AppDelegate.swift */,
				09461C75220DAA1400897B81 /* ViewController.swift */,
				09461C77220DAA1400897B81 /* Main.storyboard */,
				09461C7A220DAA1700897B81 /* Assets.xcassets */,
				09461C7C220DAA1700897B81 /* LaunchScreen.storyboard */,
				09461C7F220DAA1700897B81 /* Info.plist */,
			);
			path = TheFutureIsBright;
			sourceTree = "<group>";
		};
		09461C87220DAA1700897B81 /* TheFutureIsBrightTests */ = {
			isa = PBXGroup;
			children = (
				09461C88220DAA1700897B81 /* TheFutureIsBrightTests.swift */,
				09461C8A220DAA1700897B81 /* Info.plist */,
			);
			path = TheFutureIsBrightTests;
			sourceTree = "<group>";
		};
		41C99A03CFF49AAF72E5E723 /* Frameworks */ = {
			isa = PBXGroup;
			children = (
				742D33BFF0F182E00D979E91 /* Pods_TheFutureIsBright.framework */,
				3FC27FB11FF5B253BF339C4B /* Pods_TheFutureIsBrightTests.framework */,
			);
			name = Frameworks;
			sourceTree = "<group>";
		};
		4392B92349F89CF6C16019B4 /* Pods */ = {
			isa = PBXGroup;
			children = (
				6931E6C20E4E051D75E6D029 /* Pods-TheFutureIsBright.debug.xcconfig */,
				1FF0BD0F3EEC20400A86392A /* Pods-TheFutureIsBright.release.xcconfig */,
				AC37183A8889C8E2C32EA722 /* Pods-TheFutureIsBrightTests.debug.xcconfig */,
				7B6019F45BDCDEFD98147A3F /* Pods-TheFutureIsBrightTests.release.xcconfig */,
			);
			name = Pods;
			sourceTree = "<group>";
		};
/* End PBXGroup section */

/* Begin PBXNativeTarget section */
		09461C6F220DAA1400897B81 /* TheFutureIsBright */ = {
			isa = PBXNativeTarget;
			buildConfigurationList = 09461C8D220DAA1700897B81 /* Build configuration list for PBXNativeTarget "TheFutureIsBright" */;
			buildPhases = (
				D6A9413723755B5241888197 /* [CP] Check Pods Manifest.lock */,
				09461C6C220DAA1400897B81 /* Sources */,
				09461C6D220DAA1400897B81 /* Frameworks */,
				09461C6E220DAA1400897B81 /* Resources */,
				520328F2A68A2B4E6708C88B /* [CP] Embed Pods Frameworks */,
			);
			buildRules = (
			);
			dependencies = (
			);
			name = TheFutureIsBright;
			productName = TheFutureIsBright;
			productReference = 09461C70220DAA1400897B81 /* TheFutureIsBright.app */;
			productType = "com.apple.product-type.application";
		};
		09461C83220DAA1700897B81 /* TheFutureIsBrightTests */ = {
			isa = PBXNativeTarget;
			buildConfigurationList = 09461C90220DAA1800897B81 /* Build configuration list for PBXNativeTarget "TheFutureIsBrightTests" */;
			buildPhases = (
				72C1F56CE91DE737C405BD95 /* [CP] Check Pods Manifest.lock */,
				09461C80220DAA1700897B81 /* Sources */,
				09461C81220DAA1700897B81 /* Frameworks */,
				09461C82220DAA1700897B81 /* Resources */,
			);
			buildRules = (
			);
			dependencies = (
				09461C86220DAA1700897B81 /* PBXTargetDependency */,
			);
			name = TheFutureIsBrightTests;
			productName = TheFutureIsBrightTests;
			productReference = 09461C84220DAA1700897B81 /* TheFutureIsBrightTests.xctest */;
			productType = "com.apple.product-type.bundle.unit-test";
		};
/* End PBXNativeTarget section */

/* Begin PBXProject section */
		09461C68220DAA1400897B81 /* Project object */ = {
			isa = PBXProject;
			attributes = {
				LastSwiftUpdateCheck = 1010;
				LastUpgradeCheck = 1010;
				ORGANIZATIONNAME = RBrown;
				TargetAttributes = {
					09461C6F220DAA1400897B81 = {
						CreatedOnToolsVersion = 10.1;
					};
					09461C83220DAA1700897B81 = {
						CreatedOnToolsVersion = 10.1;
						TestTargetID = 09461C6F220DAA1400897B81;
					};
				};
			};
			buildConfigurationList = 09461C6B220DAA1400897B81 /* Build configuration list for PBXProject "TheFutureIsBright" */;
			compatibilityVersion = "Xcode 9.3";
			developmentRegion = en;
			hasScannedForEncodings = 0;
			knownRegions = (
				en,
				Base,
			);
			mainGroup = 09461C67220DAA1400897B81;
			productRefGroup = 09461C71220DAA1400897B81 /* Products */;
			projectDirPath = "";
			projectRoot = "";
			targets = (
				09461C6F220DAA1400897B81 /* TheFutureIsBright */,
				09461C83220DAA1700897B81 /* TheFutureIsBrightTests */,
			);
		};
/* End PBXProject section */

/* Begin PBXResourcesBuildPhase section */
		09461C6E220DAA1400897B81 /* Resources */ = {
			isa = PBXResourcesBuildPhase;
			buildActionMask = 2147483647;
			files = (
				09461C7E220DAA1700897B81 /* LaunchScreen.storyboard in Resources */,
				09461C7B220DAA1700897B81 /* Assets.xcassets in Resources */,
				09461C79220DAA1400897B81 /* Main.storyboard in Resources */,
			);
			runOnlyForDeploymentPostprocessing = 0;
		};
		09461C82220DAA1700897B81 /* Resources */ = {
			isa = PBXResourcesBuildPhase;
			buildActionMask = 2147483647;
			files = (
			);
			runOnlyForDeploymentPostprocessing = 0;
		};
/* End PBXResourcesBuildPhase section */

/* Begin PBXShellScriptBuildPhase section */
		520328F2A68A2B4E6708C88B /* [CP] Embed Pods Frameworks */ = {
			isa = PBXShellScriptBuildPhase;
			buildActionMask = 2147483647;
			files = (
			);
			inputFileListPaths = (
			);
			inputPaths = (
				"${SRCROOT}/Pods/Target Support Files/Pods-TheFutureIsBright/Pods-TheFutureIsBright-frameworks.sh",
				"${BUILT_PRODUCTS_DIR}/BrightFutures/BrightFutures.framework",
				"${BUILT_PRODUCTS_DIR}/Result/Result.framework",
			);
			name = "[CP] Embed Pods Frameworks";
			outputFileListPaths = (
			);
			outputPaths = (
				"${TARGET_BUILD_DIR}/${FRAMEWORKS_FOLDER_PATH}/BrightFutures.framework",
				"${TARGET_BUILD_DIR}/${FRAMEWORKS_FOLDER_PATH}/Result.framework",
			);
			runOnlyForDeploymentPostprocessing = 0;
			shellPath = /bin/sh;
			shellScript = "\"${SRCROOT}/Pods/Target Support Files/Pods-TheFutureIsBright/Pods-TheFutureIsBright-frameworks.sh\"\n";
			showEnvVarsInLog = 0;
		};
		72C1F56CE91DE737C405BD95 /* [CP] Check Pods Manifest.lock */ = {
			isa = PBXShellScriptBuildPhase;
			buildActionMask = 2147483647;
			files = (
			);
			inputFileListPaths = (
			);
			inputPaths = (
				"${PODS_PODFILE_DIR_PATH}/Podfile.lock",
				"${PODS_ROOT}/Manifest.lock",
			);
			name = "[CP] Check Pods Manifest.lock";
			outputFileListPaths = (
			);
			outputPaths = (
				"$(DERIVED_FILE_DIR)/Pods-TheFutureIsBrightTests-checkManifestLockResult.txt",
			);
			runOnlyForDeploymentPostprocessing = 0;
			shellPath = /bin/sh;
			shellScript = "diff \"${PODS_PODFILE_DIR_PATH}/Podfile.lock\" \"${PODS_ROOT}/Manifest.lock\" > /dev/null\nif [ $? != 0 ] ; then\n    # print error to STDERR\n    echo \"error: The sandbox is not in sync with the Podfile.lock. Run 'pod install' or update your CocoaPods installation.\" >&2\n    exit 1\nfi\n# This output is used by Xcode 'outputs' to avoid re-running this script phase.\necho \"SUCCESS\" > \"${SCRIPT_OUTPUT_FILE_0}\"\n";
			showEnvVarsInLog = 0;
		};
		D6A9413723755B5241888197 /* [CP] Check Pods Manifest.lock */ = {
			isa = PBXShellScriptBuildPhase;
			buildActionMask = 2147483647;
			files = (
			);
			inputFileListPaths = (
			);
			inputPaths = (
				"${PODS_PODFILE_DIR_PATH}/Podfile.lock",
				"${PODS_ROOT}/Manifest.lock",
			);
			name = "[CP] Check Pods Manifest.lock";
			outputFileListPaths = (
			);
			outputPaths = (
				"$(DERIVED_FILE_DIR)/Pods-TheFutureIsBright-checkManifestLockResult.txt",
			);
			runOnlyForDeploymentPostprocessing = 0;
			shellPath = /bin/sh;
			shellScript = "diff \"${PODS_PODFILE_DIR_PATH}/Podfile.lock\" \"${PODS_ROOT}/Manifest.lock\" > /dev/null\nif [ $? != 0 ] ; then\n    # print error to STDERR\n    echo \"error: The sandbox is not in sync with the Podfile.lock. Run 'pod install' or update your CocoaPods installation.\" >&2\n    exit 1\nfi\n# This output is used by Xcode 'outputs' to avoid re-running this script phase.\necho \"SUCCESS\" > \"${SCRIPT_OUTPUT_FILE_0}\"\n";
			showEnvVarsInLog = 0;
		};
/* End PBXShellScriptBuildPhase section */

/* Begin PBXSourcesBuildPhase section */
		09461C6C220DAA1400897B81 /* Sources */ = {
			isa = PBXSourcesBuildPhase;
			buildActionMask = 2147483647;
			files = (
				09461C76220DAA1400897B81 /* ViewController.swift in Sources */,
				09461C74220DAA1400897B81 /* AppDelegate.swift in Sources */,
			);
			runOnlyForDeploymentPostprocessing = 0;
		};
		09461C80220DAA1700897B81 /* Sources */ = {
			isa = PBXSourcesBuildPhase;
			buildActionMask = 2147483647;
			files = (
				09461C89220DAA1700897B81 /* TheFutureIsBrightTests.swift in Sources */,
			);
			runOnlyForDeploymentPostprocessing = 0;
		};
/* End PBXSourcesBuildPhase section */

/* Begin PBXTargetDependency section */
		09461C86220DAA1700897B81 /* PBXTargetDependency */ = {
			isa = PBXTargetDependency;
			target = 09461C6F220DAA1400897B81 /* TheFutureIsBright */;
			targetProxy = 09461C85220DAA1700897B81 /* PBXContainerItemProxy */;
		};
/* End PBXTargetDependency section */

/* Begin PBXVariantGroup section */
		09461C77220DAA1400897B81 /* Main.storyboard */ = {
			isa = PBXVariantGroup;
			children = (
				09461C78220DAA1400897B81 /* Base */,
			);
			name = Main.storyboard;
			sourceTree = "<group>";
		};
		09461C7C220DAA1700897B81 /* LaunchScreen.storyboard */ = {
			isa = PBXVariantGroup;
			children = (
				09461C7D220DAA1700897B81 /* Base */,
			);
			name = LaunchScreen.storyboard;
			sourceTree = "<group>";
		};
/* End PBXVariantGroup section */

/* Begin XCBuildConfiguration section */
		09461C8B220DAA1700897B81 /* Debug */ = {
			isa = XCBuildConfiguration;
			buildSettings = {
				ALWAYS_SEARCH_USER_PATHS = NO;
				CLANG_ANALYZER_NONNULL = YES;
				CLANG_ANALYZER_NUMBER_OBJECT_CONVERSION = YES_AGGRESSIVE;
				CLANG_CXX_LANGUAGE_STANDARD = "gnu++14";
				CLANG_CXX_LIBRARY = "libc++";
				CLANG_ENABLE_MODULES = YES;
				CLANG_ENABLE_OBJC_ARC = YES;
				CLANG_ENABLE_OBJC_WEAK = YES;
				CLANG_WARN_BLOCK_CAPTURE_AUTORELEASING = YES;
				CLANG_WARN_BOOL_CONVERSION = YES;
				CLANG_WARN_COMMA = YES;
				CLANG_WARN_CONSTANT_CONVERSION = YES;
				CLANG_WARN_DEPRECATED_OBJC_IMPLEMENTATIONS = YES;
				CLANG_WARN_DIRECT_OBJC_ISA_USAGE = YES_ERROR;
				CLANG_WARN_DOCUMENTATION_COMMENTS = YES;
				CLANG_WARN_EMPTY_BODY = YES;
				CLANG_WARN_ENUM_CONVERSION = YES;
				CLANG_WARN_INFINITE_RECURSION = YES;
				CLANG_WARN_INT_CONVERSION = YES;
				CLANG_WARN_NON_LITERAL_NULL_CONVERSION = YES;
				CLANG_WARN_OBJC_IMPLICIT_RETAIN_SELF = YES;
				CLANG_WARN_OBJC_LITERAL_CONVERSION = YES;
				CLANG_WARN_OBJC_ROOT_CLASS = YES_ERROR;
				CLANG_WARN_RANGE_LOOP_ANALYSIS = YES;
				CLANG_WARN_STRICT_PROTOTYPES = YES;
				CLANG_WARN_SUSPICIOUS_MOVE = YES;
				CLANG_WARN_UNGUARDED_AVAILABILITY = YES_AGGRESSIVE;
				CLANG_WARN_UNREACHABLE_CODE = YES;
				CLANG_WARN__DUPLICATE_METHOD_MATCH = YES;
				CODE_SIGN_IDENTITY = "iPhone Developer";
				COPY_PHASE_STRIP = NO;
				DEBUG_INFORMATION_FORMAT = dwarf;
				ENABLE_STRICT_OBJC_MSGSEND = YES;
				ENABLE_TESTABILITY = YES;
				GCC_C_LANGUAGE_STANDARD = gnu11;
				GCC_DYNAMIC_NO_PIC = NO;
				GCC_NO_COMMON_BLOCKS = YES;
				GCC_OPTIMIZATION_LEVEL = 0;
				GCC_PREPROCESSOR_DEFINITIONS = (
					"DEBUG=1",
					"$(inherited)",
				);
				GCC_WARN_64_TO_32_BIT_CONVERSION = YES;
				GCC_WARN_ABOUT_RETURN_TYPE = YES_ERROR;
				GCC_WARN_UNDECLARED_SELECTOR = YES;
				GCC_WARN_UNINITIALIZED_AUTOS = YES_AGGRESSIVE;
				GCC_WARN_UNUSED_FUNCTION = YES;
				GCC_WARN_UNUSED_VARIABLE = YES;
				IPHONEOS_DEPLOYMENT_TARGET = 12.1;
				MTL_ENABLE_DEBUG_INFO = INCLUDE_SOURCE;
				MTL_FAST_MATH = YES;
				ONLY_ACTIVE_ARCH = YES;
				SDKROOT = iphoneos;
				SWIFT_ACTIVE_COMPILATION_CONDITIONS = DEBUG;
				SWIFT_OPTIMIZATION_LEVEL = "-Onone";
			};
			name = Debug;
		};
		09461C8C220DAA1700897B81 /* Release */ = {
			isa = XCBuildConfiguration;
			buildSettings = {
				ALWAYS_SEARCH_USER_PATHS = NO;
				CLANG_ANALYZER_NONNULL = YES;
				CLANG_ANALYZER_NUMBER_OBJECT_CONVERSION = YES_AGGRESSIVE;
				CLANG_CXX_LANGUAGE_STANDARD = "gnu++14";
				CLANG_CXX_LIBRARY = "libc++";
				CLANG_ENABLE_MODULES = YES;
				CLANG_ENABLE_OBJC_ARC = YES;
				CLANG_ENABLE_OBJC_WEAK = YES;
				CLANG_WARN_BLOCK_CAPTURE_AUTORELEASING = YES;
				CLANG_WARN_BOOL_CONVERSION = YES;
				CLANG_WARN_COMMA = YES;
				CLANG_WARN_CONSTANT_CONVERSION = YES;
				CLANG_WARN_DEPRECATED_OBJC_IMPLEMENTATIONS = YES;
				CLANG_WARN_DIRECT_OBJC_ISA_USAGE = YES_ERROR;
				CLANG_WARN_DOCUMENTATION_COMMENTS = YES;
				CLANG_WARN_EMPTY_BODY = YES;
				CLANG_WARN_ENUM_CONVERSION = YES;
				CLANG_WARN_INFINITE_RECURSION = YES;
				CLANG_WARN_INT_CONVERSION = YES;
				CLANG_WARN_NON_LITERAL_NULL_CONVERSION = YES;
				CLANG_WARN_OBJC_IMPLICIT_RETAIN_SELF = YES;
				CLANG_WARN_OBJC_LITERAL_CONVERSION = YES;
				CLANG_WARN_OBJC_ROOT_CLASS = YES_ERROR;
				CLANG_WARN_RANGE_LOOP_ANALYSIS = YES;
				CLANG_WARN_STRICT_PROTOTYPES = YES;
				CLANG_WARN_SUSPICIOUS_MOVE = YES;
				CLANG_WARN_UNGUARDED_AVAILABILITY = YES_AGGRESSIVE;
				CLANG_WARN_UNREACHABLE_CODE = YES;
				CLANG_WARN__DUPLICATE_METHOD_MATCH = YES;
				CODE_SIGN_IDENTITY = "iPhone Developer";
				COPY_PHASE_STRIP = NO;
				DEBUG_INFORMATION_FORMAT = "dwarf-with-dsym";
				ENABLE_NS_ASSERTIONS = NO;
				ENABLE_STRICT_OBJC_MSGSEND = YES;
				GCC_C_LANGUAGE_STANDARD = gnu11;
				GCC_NO_COMMON_BLOCKS = YES;
				GCC_WARN_64_TO_32_BIT_CONVERSION = YES;
				GCC_WARN_ABOUT_RETURN_TYPE = YES_ERROR;
				GCC_WARN_UNDECLARED_SELECTOR = YES;
				GCC_WARN_UNINITIALIZED_AUTOS = YES_AGGRESSIVE;
				GCC_WARN_UNUSED_FUNCTION = YES;
				GCC_WARN_UNUSED_VARIABLE = YES;
				IPHONEOS_DEPLOYMENT_TARGET = 12.1;
				MTL_ENABLE_DEBUG_INFO = NO;
				MTL_FAST_MATH = YES;
				SDKROOT = iphoneos;
				SWIFT_COMPILATION_MODE = wholemodule;
				SWIFT_OPTIMIZATION_LEVEL = "-O";
				VALIDATE_PRODUCT = YES;
			};
			name = Release;
		};
		09461C8E220DAA1700897B81 /* Debug */ = {
			isa = XCBuildConfiguration;
			baseConfigurationReference = 6931E6C20E4E051D75E6D029 /* Pods-TheFutureIsBright.debug.xcconfig */;
			buildSettings = {
				ASSETCATALOG_COMPILER_APPICON_NAME = AppIcon;
				CODE_SIGN_STYLE = Automatic;
				INFOPLIST_FILE = TheFutureIsBright/Info.plist;
				LD_RUNPATH_SEARCH_PATHS = (
					"$(inherited)",
					"@executable_path/Frameworks",
				);
				PRODUCT_BUNDLE_IDENTIFIER = RB.TheFutureIsBright;
				PRODUCT_NAME = "$(TARGET_NAME)";
				SWIFT_VERSION = 4.2;
				TARGETED_DEVICE_FAMILY = "1,2";
			};
			name = Debug;
		};
		09461C8F220DAA1700897B81 /* Release */ = {
			isa = XCBuildConfiguration;
			baseConfigurationReference = 1FF0BD0F3EEC20400A86392A /* Pods-TheFutureIsBright.release.xcconfig */;
			buildSettings = {
				ASSETCATALOG_COMPILER_APPICON_NAME = AppIcon;
				CODE_SIGN_STYLE = Automatic;
				INFOPLIST_FILE = TheFutureIsBright/Info.plist;
				LD_RUNPATH_SEARCH_PATHS = (
					"$(inherited)",
					"@executable_path/Frameworks",
				);
				PRODUCT_BUNDLE_IDENTIFIER = RB.TheFutureIsBright;
				PRODUCT_NAME = "$(TARGET_NAME)";
				SWIFT_VERSION = 4.2;
				TARGETED_DEVICE_FAMILY = "1,2";
			};
			name = Release;
		};
		09461C91220DAA1800897B81 /* Debug */ = {
			isa = XCBuildConfiguration;
			baseConfigurationReference = AC37183A8889C8E2C32EA722 /* Pods-TheFutureIsBrightTests.debug.xcconfig */;
			buildSettings = {
				ALWAYS_EMBED_SWIFT_STANDARD_LIBRARIES = YES;
				BUNDLE_LOADER = "$(TEST_HOST)";
				CODE_SIGN_STYLE = Automatic;
				INFOPLIST_FILE = TheFutureIsBrightTests/Info.plist;
				LD_RUNPATH_SEARCH_PATHS = (
					"$(inherited)",
					"@executable_path/Frameworks",
					"@loader_path/Frameworks",
				);
				PRODUCT_BUNDLE_IDENTIFIER = RB.TheFutureIsBrightTests;
				PRODUCT_NAME = "$(TARGET_NAME)";
				SWIFT_VERSION = 4.2;
				TARGETED_DEVICE_FAMILY = "1,2";
				TEST_HOST = "$(BUILT_PRODUCTS_DIR)/TheFutureIsBright.app/TheFutureIsBright";
			};
			name = Debug;
		};
		09461C92220DAA1800897B81 /* Release */ = {
			isa = XCBuildConfiguration;
			baseConfigurationReference = 7B6019F45BDCDEFD98147A3F /* Pods-TheFutureIsBrightTests.release.xcconfig */;
			buildSettings = {
				ALWAYS_EMBED_SWIFT_STANDARD_LIBRARIES = YES;
				BUNDLE_LOADER = "$(TEST_HOST)";
				CODE_SIGN_STYLE = Automatic;
				INFOPLIST_FILE = TheFutureIsBrightTests/Info.plist;
				LD_RUNPATH_SEARCH_PATHS = (
					"$(inherited)",
					"@executable_path/Frameworks",
					"@loader_path/Frameworks",
				);
				PRODUCT_BUNDLE_IDENTIFIER = RB.TheFutureIsBrightTests;
				PRODUCT_NAME = "$(TARGET_NAME)";
				SWIFT_VERSION = 4.2;
				TARGETED_DEVICE_FAMILY = "1,2";
				TEST_HOST = "$(BUILT_PRODUCTS_DIR)/TheFutureIsBright.app/TheFutureIsBright";
			};
			name = Release;
		};
/* End XCBuildConfiguration section */

/* Begin XCConfigurationList section */
		09461C6B220DAA1400897B81 /* Build configuration list for PBXProject "TheFutureIsBright" */ = {
			isa = XCConfigurationList;
			buildConfigurations = (
				09461C8B220DAA1700897B81 /* Debug */,
				09461C8C220DAA1700897B81 /* Release */,
			);
			defaultConfigurationIsVisible = 0;
			defaultConfigurationName = Release;
		};
		09461C8D220DAA1700897B81 /* Build configuration list for PBXNativeTarget "TheFutureIsBright" */ = {
			isa = XCConfigurationList;
			buildConfigurations = (
				09461C8E220DAA1700897B81 /* Debug */,
				09461C8F220DAA1700897B81 /* Release */,
			);
			defaultConfigurationIsVisible = 0;
			defaultConfigurationName = Release;
		};
		09461C90220DAA1800897B81 /* Build configuration list for PBXNativeTarget "TheFutureIsBrightTests" */ = {
			isa = XCConfigurationList;
			buildConfigurations = (
				09461C91220DAA1800897B81 /* Debug */,
				09461C92220DAA1800897B81 /* Release */,
			);
			defaultConfigurationIsVisible = 0;
			defaultConfigurationName = Release;
		};
/* End XCConfigurationList section */
	};
	rootObject = 09461C68220DAA1400897B81 /* Project object */;
}
